{
  "name": "@hayanjongseong/kras-quick",
  "version": "2.0.3",
  "lockfileVersion": 3,
  "requires": true,
  "packages": {
    "": {
      "name": "@hayanjongseong/kras-quick",
      "version": "2.0.3",
      "license": "MIT",
      "bin": {
        "kras-quick": "bin/kras-quick.js"
      },
      "engines": {
        "node": ">=18"
      }
    }
  }
}
